// !$*UTF8*$!
{
	archiveVersion = 1;
	classes = {
	};
	objectVersion = 56;
	objects = {

/* Begin PBXBuildFile section */
		0E1EF02C2AD8E01E004A86B3 /* HomeView.swift in Sources */ = {isa = PBXBuildFile; fileRef = 0E1EF02B2AD8E01E004A86B3 /* HomeView.swift */; };
		0E1EF02E2AD8E1D3004A86B3 /* HomeDetailsView.swift in Sources */ = {isa = PBXBuildFile; fileRef = 0E1EF02D2AD8E1D3004A86B3 /* HomeDetailsView.swift */; };
		0E1EF0352AD8E704004A86B3 /* CodeScanner in Frameworks */ = {isa = PBXBuildFile; productRef = 0E1EF0342AD8E704004A86B3 /* CodeScanner */; };
		0E3D71562ADA187B00277BEE /* VoucherView.swift in Sources */ = {isa = PBXBuildFile; fileRef = 0E3D71552ADA187B00277BEE /* VoucherView.swift */; };
		37131ED22AD8AD7D007A5F0E /* LUK7App.swift in Sources */ = {isa = PBXBuildFile; fileRef = 37131ED12AD8AD7D007A5F0E /* LUK7App.swift */; };
		37131ED42AD8AD7D007A5F0E /* Persistence.swift in Sources */ = {isa = PBXBuildFile; fileRef = 37131ED32AD8AD7D007A5F0E /* Persistence.swift */; };
		37131ED72AD8AD7D007A5F0E /* LUK7.xcdatamodeld in Sources */ = {isa = PBXBuildFile; fileRef = 37131ED52AD8AD7D007A5F0E /* LUK7.xcdatamodeld */; };
		37131ED92AD8AD7D007A5F0E /* ContentView.swift in Sources */ = {isa = PBXBuildFile; fileRef = 37131ED82AD8AD7D007A5F0E /* ContentView.swift */; };
		37131EDB2AD8AD7F007A5F0E /* Assets.xcassets in Resources */ = {isa = PBXBuildFile; fileRef = 37131EDA2AD8AD7F007A5F0E /* Assets.xcassets */; };
		37131EDF2AD8AD7F007A5F0E /* Preview Assets.xcassets in Resources */ = {isa = PBXBuildFile; fileRef = 37131EDE2AD8AD7F007A5F0E /* Preview Assets.xcassets */; };
		37131EE92AD8AD80007A5F0E /* LUK7Tests.swift in Sources */ = {isa = PBXBuildFile; fileRef = 37131EE82AD8AD80007A5F0E /* LUK7Tests.swift */; };
		37131EF32AD8AD80007A5F0E /* LUK7UITests.swift in Sources */ = {isa = PBXBuildFile; fileRef = 37131EF22AD8AD80007A5F0E /* LUK7UITests.swift */; };
		37131EF52AD8AD80007A5F0E /* LUK7UITestsLaunchTests.swift in Sources */ = {isa = PBXBuildFile; fileRef = 37131EF42AD8AD80007A5F0E /* LUK7UITestsLaunchTests.swift */; };
		378E350F2AD987B600A542A7 /* SplashScreenView.swift in Sources */ = {isa = PBXBuildFile; fileRef = 378E350E2AD987B600A542A7 /* SplashScreenView.swift */; };
		378E35112AD987BD00A542A7 /* TermsView.swift in Sources */ = {isa = PBXBuildFile; fileRef = 378E35102AD987BD00A542A7 /* TermsView.swift */; };
		378E35162AD9883600A542A7 /* Donar.swift in Sources */ = {isa = PBXBuildFile; fileRef = 378E35152AD9883600A542A7 /* Donar.swift */; };
		378E35182AD9883C00A542A7 /* Ajustes.swift in Sources */ = {isa = PBXBuildFile; fileRef = 378E35172AD9883C00A542A7 /* Ajustes.swift */; };
		378E351A2AD9884200A542A7 /* Acerca.swift in Sources */ = {isa = PBXBuildFile; fileRef = 378E35192AD9884200A542A7 /* Acerca.swift */; };
		378E351D2AD9886C00A542A7 /* Extensions.swift in Sources */ = {isa = PBXBuildFile; fileRef = 378E351C2AD9886C00A542A7 /* Extensions.swift */; };
		378E35242AD98BB300A542A7 /* MailView.swift in Sources */ = {isa = PBXBuildFile; fileRef = 378E35232AD98BB300A542A7 /* MailView.swift */; };
		378E35272AD9AA7A00A542A7 /* Localizable.strings in Resources */ = {isa = PBXBuildFile; fileRef = 378E35292AD9AA7A00A542A7 /* Localizable.strings */; };
/* End PBXBuildFile section */

/* Begin PBXContainerItemProxy section */
		37131EE52AD8AD7F007A5F0E /* PBXContainerItemProxy */ = {
			isa = PBXContainerItemProxy;
			containerPortal = 37131EC62AD8AD7C007A5F0E /* Project object */;
			proxyType = 1;
			remoteGlobalIDString = 37131ECD2AD8AD7C007A5F0E;
			remoteInfo = LUK7;
		};
		37131EEF2AD8AD80007A5F0E /* PBXContainerItemProxy */ = {
			isa = PBXContainerItemProxy;
			containerPortal = 37131EC62AD8AD7C007A5F0E /* Project object */;
			proxyType = 1;
			remoteGlobalIDString = 37131ECD2AD8AD7C007A5F0E;
			remoteInfo = LUK7;
		};
/* End PBXContainerItemProxy section */

/* Begin PBXFileReference section */
		0E1EF02B2AD8E01E004A86B3 /* HomeView.swift */ = {isa = PBXFileReference; lastKnownFileType = sourcecode.swift; path = HomeView.swift; sourceTree = "<group>"; };
		0E1EF02D2AD8E1D3004A86B3 /* HomeDetailsView.swift */ = {isa = PBXFileReference; lastKnownFileType = sourcecode.swift; path = HomeDetailsView.swift; sourceTree = "<group>"; };
		0E3D71552ADA187B00277BEE /* VoucherView.swift */ = {isa = PBXFileReference; lastKnownFileType = sourcecode.swift; path = VoucherView.swift; sourceTree = "<group>"; };
		37131ECE2AD8AD7D007A5F0E /* LUK7.app */ = {isa = PBXFileReference; explicitFileType = wrapper.application; includeInIndex = 0; path = LUK7.app; sourceTree = BUILT_PRODUCTS_DIR; };
		37131ED12AD8AD7D007A5F0E /* LUK7App.swift */ = {isa = PBXFileReference; lastKnownFileType = sourcecode.swift; path = LUK7App.swift; sourceTree = "<group>"; };
		37131ED32AD8AD7D007A5F0E /* Persistence.swift */ = {isa = PBXFileReference; lastKnownFileType = sourcecode.swift; path = Persistence.swift; sourceTree = "<group>"; };
		37131ED62AD8AD7D007A5F0E /* LUK7.xcdatamodel */ = {isa = PBXFileReference; lastKnownFileType = wrapper.xcdatamodel; path = LUK7.xcdatamodel; sourceTree = "<group>"; };
		37131ED82AD8AD7D007A5F0E /* ContentView.swift */ = {isa = PBXFileReference; lastKnownFileType = sourcecode.swift; path = ContentView.swift; sourceTree = "<group>"; };
		37131EDA2AD8AD7F007A5F0E /* Assets.xcassets */ = {isa = PBXFileReference; lastKnownFileType = folder.assetcatalog; path = Assets.xcassets; sourceTree = "<group>"; };
		37131EDC2AD8AD7F007A5F0E /* LUK7.entitlements */ = {isa = PBXFileReference; lastKnownFileType = text.plist.entitlements; path = LUK7.entitlements; sourceTree = "<group>"; };
		37131EDE2AD8AD7F007A5F0E /* Preview Assets.xcassets */ = {isa = PBXFileReference; lastKnownFileType = folder.assetcatalog; path = "Preview Assets.xcassets"; sourceTree = "<group>"; };
		37131EE42AD8AD7F007A5F0E /* LUK7Tests.xctest */ = {isa = PBXFileReference; explicitFileType = wrapper.cfbundle; includeInIndex = 0; path = LUK7Tests.xctest; sourceTree = BUILT_PRODUCTS_DIR; };
		37131EE82AD8AD80007A5F0E /* LUK7Tests.swift */ = {isa = PBXFileReference; lastKnownFileType = sourcecode.swift; path = LUK7Tests.swift; sourceTree = "<group>"; };
		37131EEE2AD8AD80007A5F0E /* LUK7UITests.xctest */ = {isa = PBXFileReference; explicitFileType = wrapper.cfbundle; includeInIndex = 0; path = LUK7UITests.xctest; sourceTree = BUILT_PRODUCTS_DIR; };
		37131EF22AD8AD80007A5F0E /* LUK7UITests.swift */ = {isa = PBXFileReference; lastKnownFileType = sourcecode.swift; path = LUK7UITests.swift; sourceTree = "<group>"; };
		37131EF42AD8AD80007A5F0E /* LUK7UITestsLaunchTests.swift */ = {isa = PBXFileReference; lastKnownFileType = sourcecode.swift; path = LUK7UITestsLaunchTests.swift; sourceTree = "<group>"; };
		378E350E2AD987B600A542A7 /* SplashScreenView.swift */ = {isa = PBXFileReference; fileEncoding = 4; lastKnownFileType = sourcecode.swift; path = SplashScreenView.swift; sourceTree = "<group>"; };
		378E35102AD987BD00A542A7 /* TermsView.swift */ = {isa = PBXFileReference; fileEncoding = 4; lastKnownFileType = sourcecode.swift; path = TermsView.swift; sourceTree = "<group>"; };
		378E35152AD9883600A542A7 /* Donar.swift */ = {isa = PBXFileReference; fileEncoding = 4; lastKnownFileType = sourcecode.swift; path = Donar.swift; sourceTree = "<group>"; };
		378E35172AD9883C00A542A7 /* Ajustes.swift */ = {isa = PBXFileReference; fileEncoding = 4; lastKnownFileType = sourcecode.swift; path = Ajustes.swift; sourceTree = "<group>"; };
		378E35192AD9884200A542A7 /* Acerca.swift */ = {isa = PBXFileReference; fileEncoding = 4; lastKnownFileType = sourcecode.swift; path = Acerca.swift; sourceTree = "<group>"; };
		378E351C2AD9886C00A542A7 /* Extensions.swift */ = {isa = PBXFileReference; fileEncoding = 4; lastKnownFileType = sourcecode.swift; path = Extensions.swift; sourceTree = "<group>"; };
		378E35232AD98BB300A542A7 /* MailView.swift */ = {isa = PBXFileReference; fileEncoding = 4; lastKnownFileType = sourcecode.swift; path = MailView.swift; sourceTree = "<group>"; };
		378E35282AD9AA7A00A542A7 /* en */ = {isa = PBXFileReference; lastKnownFileType = text.plist.strings; name = en; path = en.lproj/Localizable.strings; sourceTree = "<group>"; };
		378E352A2AD9AA8C00A542A7 /* es-419 */ = {isa = PBXFileReference; lastKnownFileType = text.plist.strings; name = "es-419"; path = "es-419.lproj/Localizable.strings"; sourceTree = "<group>"; };
/* End PBXFileReference section */

/* Begin PBXFrameworksBuildPhase section */
		37131ECB2AD8AD7C007A5F0E /* Frameworks */ = {
			isa = PBXFrameworksBuildPhase;
			buildActionMask = 2147483647;
			files = (
				0E1EF0352AD8E704004A86B3 /* CodeScanner in Frameworks */,
			);
			runOnlyForDeploymentPostprocessing = 0;
		};
		37131EE12AD8AD7F007A5F0E /* Frameworks */ = {
			isa = PBXFrameworksBuildPhase;
			buildActionMask = 2147483647;
			files = (
			);
			runOnlyForDeploymentPostprocessing = 0;
		};
		37131EEB2AD8AD80007A5F0E /* Frameworks */ = {
			isa = PBXFrameworksBuildPhase;
			buildActionMask = 2147483647;
			files = (
			);
			runOnlyForDeploymentPostprocessing = 0;
		};
/* End PBXFrameworksBuildPhase section */

/* Begin PBXGroup section */
		37131EC52AD8AD7C007A5F0E = {
			isa = PBXGroup;
			children = (
				37131ED02AD8AD7D007A5F0E /* LUK7 */,
				37131EE72AD8AD80007A5F0E /* LUK7Tests */,
				37131EF12AD8AD80007A5F0E /* LUK7UITests */,
				37131ECF2AD8AD7D007A5F0E /* Products */,
			);
			sourceTree = "<group>";
		};
		37131ECF2AD8AD7D007A5F0E /* Products */ = {
			isa = PBXGroup;
			children = (
				37131ECE2AD8AD7D007A5F0E /* LUK7.app */,
				37131EE42AD8AD7F007A5F0E /* LUK7Tests.xctest */,
				37131EEE2AD8AD80007A5F0E /* LUK7UITests.xctest */,
			);
			name = Products;
			sourceTree = "<group>";
		};
		37131ED02AD8AD7D007A5F0E /* LUK7 */ = {
			isa = PBXGroup;
			children = (
				378E35222AD98BA000A542A7 /* Reports */,
				378E351B2AD9885B00A542A7 /* ViewModel */,
				378E35142AD9881C00A542A7 /* Ajustes */,
				378E350D2AD9877C00A542A7 /* Intro */,
				37131ED12AD8AD7D007A5F0E /* LUK7App.swift */,
				37131ED32AD8AD7D007A5F0E /* Persistence.swift */,
				37131ED82AD8AD7D007A5F0E /* ContentView.swift */,
				0E1EF02B2AD8E01E004A86B3 /* HomeView.swift */,
				0E3D71552ADA187B00277BEE /* VoucherView.swift */,
				378E35292AD9AA7A00A542A7 /* Localizable.strings */,
				0E1EF02D2AD8E1D3004A86B3 /* HomeDetailsView.swift */,
				37131EDA2AD8AD7F007A5F0E /* Assets.xcassets */,
				37131EDC2AD8AD7F007A5F0E /* LUK7.entitlements */,
				37131ED52AD8AD7D007A5F0E /* LUK7.xcdatamodeld */,
				37131EDD2AD8AD7F007A5F0E /* Preview Content */,
			);
			path = LUK7;
			sourceTree = "<group>";
		};
		37131EDD2AD8AD7F007A5F0E /* Preview Content */ = {
			isa = PBXGroup;
			children = (
				37131EDE2AD8AD7F007A5F0E /* Preview Assets.xcassets */,
			);
			path = "Preview Content";
			sourceTree = "<group>";
		};
		37131EE72AD8AD80007A5F0E /* LUK7Tests */ = {
			isa = PBXGroup;
			children = (
				37131EE82AD8AD80007A5F0E /* LUK7Tests.swift */,
			);
			path = LUK7Tests;
			sourceTree = "<group>";
		};
		37131EF12AD8AD80007A5F0E /* LUK7UITests */ = {
			isa = PBXGroup;
			children = (
				37131EF22AD8AD80007A5F0E /* LUK7UITests.swift */,
				37131EF42AD8AD80007A5F0E /* LUK7UITestsLaunchTests.swift */,
			);
			path = LUK7UITests;
			sourceTree = "<group>";
		};
		378E350D2AD9877C00A542A7 /* Intro */ = {
			isa = PBXGroup;
			children = (
				378E35102AD987BD00A542A7 /* TermsView.swift */,
				378E350E2AD987B600A542A7 /* SplashScreenView.swift */,
			);
			path = Intro;
			sourceTree = "<group>";
		};
		378E35142AD9881C00A542A7 /* Ajustes */ = {
			isa = PBXGroup;
			children = (
				378E35192AD9884200A542A7 /* Acerca.swift */,
				378E35172AD9883C00A542A7 /* Ajustes.swift */,
				378E35152AD9883600A542A7 /* Donar.swift */,
			);
			path = Ajustes;
			sourceTree = "<group>";
		};
		378E351B2AD9885B00A542A7 /* ViewModel */ = {
			isa = PBXGroup;
			children = (
				378E351C2AD9886C00A542A7 /* Extensions.swift */,
			);
			path = ViewModel;
			sourceTree = "<group>";
		};
		378E35222AD98BA000A542A7 /* Reports */ = {
			isa = PBXGroup;
			children = (
				378E35232AD98BB300A542A7 /* MailView.swift */,
			);
			path = Reports;
			sourceTree = "<group>";
		};
/* End PBXGroup section */

/* Begin PBXNativeTarget section */
		37131ECD2AD8AD7C007A5F0E /* LUK7 */ = {
			isa = PBXNativeTarget;
			buildConfigurationList = 37131EF82AD8AD80007A5F0E /* Build configuration list for PBXNativeTarget "LUK7" */;
			buildPhases = (
				37131ECA2AD8AD7C007A5F0E /* Sources */,
				37131ECB2AD8AD7C007A5F0E /* Frameworks */,
				37131ECC2AD8AD7C007A5F0E /* Resources */,
			);
			buildRules = (
			);
			dependencies = (
			);
			name = LUK7;
			packageProductDependencies = (
				0E1EF0342AD8E704004A86B3 /* CodeScanner */,
			);
			productName = LUK7;
			productReference = 37131ECE2AD8AD7D007A5F0E /* LUK7.app */;
			productType = "com.apple.product-type.application";
		};
		37131EE32AD8AD7F007A5F0E /* LUK7Tests */ = {
			isa = PBXNativeTarget;
			buildConfigurationList = 37131EFB2AD8AD80007A5F0E /* Build configuration list for PBXNativeTarget "LUK7Tests" */;
			buildPhases = (
				37131EE02AD8AD7F007A5F0E /* Sources */,
				37131EE12AD8AD7F007A5F0E /* Frameworks */,
				37131EE22AD8AD7F007A5F0E /* Resources */,
			);
			buildRules = (
			);
			dependencies = (
				37131EE62AD8AD80007A5F0E /* PBXTargetDependency */,
			);
			name = LUK7Tests;
			productName = LUK7Tests;
			productReference = 37131EE42AD8AD7F007A5F0E /* LUK7Tests.xctest */;
			productType = "com.apple.product-type.bundle.unit-test";
		};
		37131EED2AD8AD80007A5F0E /* LUK7UITests */ = {
			isa = PBXNativeTarget;
			buildConfigurationList = 37131EFE2AD8AD80007A5F0E /* Build configuration list for PBXNativeTarget "LUK7UITests" */;
			buildPhases = (
				37131EEA2AD8AD80007A5F0E /* Sources */,
				37131EEB2AD8AD80007A5F0E /* Frameworks */,
				37131EEC2AD8AD80007A5F0E /* Resources */,
			);
			buildRules = (
			);
			dependencies = (
				37131EF02AD8AD80007A5F0E /* PBXTargetDependency */,
			);
			name = LUK7UITests;
			productName = LUK7UITests;
			productReference = 37131EEE2AD8AD80007A5F0E /* LUK7UITests.xctest */;
			productType = "com.apple.product-type.bundle.ui-testing";
		};
/* End PBXNativeTarget section */

/* Begin PBXProject section */
		37131EC62AD8AD7C007A5F0E /* Project object */ = {
			isa = PBXProject;
			attributes = {
				BuildIndependentTargetsInParallel = 1;
				LastSwiftUpdateCheck = 1500;
				LastUpgradeCheck = 1500;
				TargetAttributes = {
					37131ECD2AD8AD7C007A5F0E = {
						CreatedOnToolsVersion = 15.0;
					};
					37131EE32AD8AD7F007A5F0E = {
						CreatedOnToolsVersion = 15.0;
						TestTargetID = 37131ECD2AD8AD7C007A5F0E;
					};
					37131EED2AD8AD80007A5F0E = {
						CreatedOnToolsVersion = 15.0;
						TestTargetID = 37131ECD2AD8AD7C007A5F0E;
					};
				};
			};
			buildConfigurationList = 37131EC92AD8AD7C007A5F0E /* Build configuration list for PBXProject "LUK7" */;
			compatibilityVersion = "Xcode 14.0";
			developmentRegion = en;
			hasScannedForEncodings = 0;
			knownRegions = (
				en,
				Base,
				"es-419",
			);
			mainGroup = 37131EC52AD8AD7C007A5F0E;
			packageReferences = (
				0E1EF0332AD8E704004A86B3 /* XCRemoteSwiftPackageReference "CodeScanner" */,
			);
			productRefGroup = 37131ECF2AD8AD7D007A5F0E /* Products */;
			projectDirPath = "";
			projectRoot = "";
			targets = (
				37131ECD2AD8AD7C007A5F0E /* LUK7 */,
				37131EE32AD8AD7F007A5F0E /* LUK7Tests */,
				37131EED2AD8AD80007A5F0E /* LUK7UITests */,
			);
		};
/* End PBXProject section */

/* Begin PBXResourcesBuildPhase section */
		37131ECC2AD8AD7C007A5F0E /* Resources */ = {
			isa = PBXResourcesBuildPhase;
			buildActionMask = 2147483647;
			files = (
				37131EDF2AD8AD7F007A5F0E /* Preview Assets.xcassets in Resources */,
				378E35272AD9AA7A00A542A7 /* Localizable.strings in Resources */,
				37131EDB2AD8AD7F007A5F0E /* Assets.xcassets in Resources */,
			);
			runOnlyForDeploymentPostprocessing = 0;
		};
		37131EE22AD8AD7F007A5F0E /* Resources */ = {
			isa = PBXResourcesBuildPhase;
			buildActionMask = 2147483647;
			files = (
			);
			runOnlyForDeploymentPostprocessing = 0;
		};
		37131EEC2AD8AD80007A5F0E /* Resources */ = {
			isa = PBXResourcesBuildPhase;
			buildActionMask = 2147483647;
			files = (
			);
			runOnlyForDeploymentPostprocessing = 0;
		};
/* End PBXResourcesBuildPhase section */

/* Begin PBXSourcesBuildPhase section */
		37131ECA2AD8AD7C007A5F0E /* Sources */ = {
			isa = PBXSourcesBuildPhase;
			buildActionMask = 2147483647;
			files = (
				378E351A2AD9884200A542A7 /* Acerca.swift in Sources */,
				378E35112AD987BD00A542A7 /* TermsView.swift in Sources */,
				378E350F2AD987B600A542A7 /* SplashScreenView.swift in Sources */,
				0E1EF02E2AD8E1D3004A86B3 /* HomeDetailsView.swift in Sources */,
				0E1EF02C2AD8E01E004A86B3 /* HomeView.swift in Sources */,
				378E35242AD98BB300A542A7 /* MailView.swift in Sources */,
				37131ED22AD8AD7D007A5F0E /* LUK7App.swift in Sources */,
				378E35182AD9883C00A542A7 /* Ajustes.swift in Sources */,
				378E351D2AD9886C00A542A7 /* Extensions.swift in Sources */,
				0E3D71562ADA187B00277BEE /* VoucherView.swift in Sources */,
				378E35162AD9883600A542A7 /* Donar.swift in Sources */,
				37131ED42AD8AD7D007A5F0E /* Persistence.swift in Sources */,
				37131ED92AD8AD7D007A5F0E /* ContentView.swift in Sources */,
				37131ED72AD8AD7D007A5F0E /* LUK7.xcdatamodeld in Sources */,
			);
			runOnlyForDeploymentPostprocessing = 0;
		};
		37131EE02AD8AD7F007A5F0E /* Sources */ = {
			isa = PBXSourcesBuildPhase;
			buildActionMask = 2147483647;
			files = (
				37131EE92AD8AD80007A5F0E /* LUK7Tests.swift in Sources */,
			);
			runOnlyForDeploymentPostprocessing = 0;
		};
		37131EEA2AD8AD80007A5F0E /* Sources */ = {
			isa = PBXSourcesBuildPhase;
			buildActionMask = 2147483647;
			files = (
				37131EF32AD8AD80007A5F0E /* LUK7UITests.swift in Sources */,
				37131EF52AD8AD80007A5F0E /* LUK7UITestsLaunchTests.swift in Sources */,
			);
			runOnlyForDeploymentPostprocessing = 0;
		};
/* End PBXSourcesBuildPhase section */

/* Begin PBXTargetDependency section */
		37131EE62AD8AD80007A5F0E /* PBXTargetDependency */ = {
			isa = PBXTargetDependency;
			target = 37131ECD2AD8AD7C007A5F0E /* LUK7 */;
			targetProxy = 37131EE52AD8AD7F007A5F0E /* PBXContainerItemProxy */;
		};
		37131EF02AD8AD80007A5F0E /* PBXTargetDependency */ = {
			isa = PBXTargetDependency;
			target = 37131ECD2AD8AD7C007A5F0E /* LUK7 */;
			targetProxy = 37131EEF2AD8AD80007A5F0E /* PBXContainerItemProxy */;
		};
/* End PBXTargetDependency section */

/* Begin PBXVariantGroup section */
		378E35292AD9AA7A00A542A7 /* Localizable.strings */ = {
			isa = PBXVariantGroup;
			children = (
				378E35282AD9AA7A00A542A7 /* en */,
				378E352A2AD9AA8C00A542A7 /* es-419 */,
			);
			name = Localizable.strings;
			sourceTree = "<group>";
		};
/* End PBXVariantGroup section */

/* Begin XCBuildConfiguration section */
		37131EF62AD8AD80007A5F0E /* Debug */ = {
			isa = XCBuildConfiguration;
			buildSettings = {
				ALWAYS_SEARCH_USER_PATHS = NO;
				ASSETCATALOG_COMPILER_GENERATE_SWIFT_ASSET_SYMBOL_EXTENSIONS = YES;
				CLANG_ANALYZER_LOCALIZABILITY_NONLOCALIZED = YES;
				CLANG_ANALYZER_NONNULL = YES;
				CLANG_ANALYZER_NUMBER_OBJECT_CONVERSION = YES_AGGRESSIVE;
				CLANG_CXX_LANGUAGE_STANDARD = "gnu++20";
				CLANG_ENABLE_MODULES = YES;
				CLANG_ENABLE_OBJC_ARC = YES;
				CLANG_ENABLE_OBJC_WEAK = YES;
				CLANG_WARN_BLOCK_CAPTURE_AUTORELEASING = YES;
				CLANG_WARN_BOOL_CONVERSION = YES;
				CLANG_WARN_COMMA = YES;
				CLANG_WARN_CONSTANT_CONVERSION = YES;
				CLANG_WARN_DEPRECATED_OBJC_IMPLEMENTATIONS = YES;
				CLANG_WARN_DIRECT_OBJC_ISA_USAGE = YES_ERROR;
				CLANG_WARN_DOCUMENTATION_COMMENTS = YES;
				CLANG_WARN_EMPTY_BODY = YES;
				CLANG_WARN_ENUM_CONVERSION = YES;
				CLANG_WARN_INFINITE_RECURSION = YES;
				CLANG_WARN_INT_CONVERSION = YES;
				CLANG_WARN_NON_LITERAL_NULL_CONVERSION = YES;
				CLANG_WARN_OBJC_IMPLICIT_RETAIN_SELF = YES;
				CLANG_WARN_OBJC_LITERAL_CONVERSION = YES;
				CLANG_WARN_OBJC_ROOT_CLASS = YES_ERROR;
				CLANG_WARN_QUOTED_INCLUDE_IN_FRAMEWORK_HEADER = YES;
				CLANG_WARN_RANGE_LOOP_ANALYSIS = YES;
				CLANG_WARN_STRICT_PROTOTYPES = YES;
				CLANG_WARN_SUSPICIOUS_MOVE = YES;
				CLANG_WARN_UNGUARDED_AVAILABILITY = YES_AGGRESSIVE;
				CLANG_WARN_UNREACHABLE_CODE = YES;
				CLANG_WARN__DUPLICATE_METHOD_MATCH = YES;
				COPY_PHASE_STRIP = NO;
				DEBUG_INFORMATION_FORMAT = dwarf;
				ENABLE_STRICT_OBJC_MSGSEND = YES;
				ENABLE_TESTABILITY = YES;
				ENABLE_USER_SCRIPT_SANDBOXING = YES;
				GCC_C_LANGUAGE_STANDARD = gnu17;
				GCC_DYNAMIC_NO_PIC = NO;
				GCC_NO_COMMON_BLOCKS = YES;
				GCC_OPTIMIZATION_LEVEL = 0;
				GCC_PREPROCESSOR_DEFINITIONS = (
					"DEBUG=1",
					"$(inherited)",
				);
				GCC_WARN_64_TO_32_BIT_CONVERSION = YES;
				GCC_WARN_ABOUT_RETURN_TYPE = YES_ERROR;
				GCC_WARN_UNDECLARED_SELECTOR = YES;
				GCC_WARN_UNINITIALIZED_AUTOS = YES_AGGRESSIVE;
				GCC_WARN_UNUSED_FUNCTION = YES;
				GCC_WARN_UNUSED_VARIABLE = YES;
				LOCALIZATION_PREFERS_STRING_CATALOGS = YES;
				MTL_ENABLE_DEBUG_INFO = INCLUDE_SOURCE;
				MTL_FAST_MATH = YES;
				ONLY_ACTIVE_ARCH = YES;
				SWIFT_ACTIVE_COMPILATION_CONDITIONS = "DEBUG $(inherited)";
				SWIFT_OPTIMIZATION_LEVEL = "-Onone";
			};
			name = Debug;
		};
		37131EF72AD8AD80007A5F0E /* Release */ = {
			isa = XCBuildConfiguration;
			buildSettings = {
				ALWAYS_SEARCH_USER_PATHS = NO;
				ASSETCATALOG_COMPILER_GENERATE_SWIFT_ASSET_SYMBOL_EXTENSIONS = YES;
				CLANG_ANALYZER_LOCALIZABILITY_NONLOCALIZED = YES;
				CLANG_ANALYZER_NONNULL = YES;
				CLANG_ANALYZER_NUMBER_OBJECT_CONVERSION = YES_AGGRESSIVE;
				CLANG_CXX_LANGUAGE_STANDARD = "gnu++20";
				CLANG_ENABLE_MODULES = YES;
				CLANG_ENABLE_OBJC_ARC = YES;
				CLANG_ENABLE_OBJC_WEAK = YES;
				CLANG_WARN_BLOCK_CAPTURE_AUTORELEASING = YES;
				CLANG_WARN_BOOL_CONVERSION = YES;
				CLANG_WARN_COMMA = YES;
				CLANG_WARN_CONSTANT_CONVERSION = YES;
				CLANG_WARN_DEPRECATED_OBJC_IMPLEMENTATIONS = YES;
				CLANG_WARN_DIRECT_OBJC_ISA_USAGE = YES_ERROR;
				CLANG_WARN_DOCUMENTATION_COMMENTS = YES;
				CLANG_WARN_EMPTY_BODY = YES;
				CLANG_WARN_ENUM_CONVERSION = YES;
				CLANG_WARN_INFINITE_RECURSION = YES;
				CLANG_WARN_INT_CONVERSION = YES;
				CLANG_WARN_NON_LITERAL_NULL_CONVERSION = YES;
				CLANG_WARN_OBJC_IMPLICIT_RETAIN_SELF = YES;
				CLANG_WARN_OBJC_LITERAL_CONVERSION = YES;
				CLANG_WARN_OBJC_ROOT_CLASS = YES_ERROR;
				CLANG_WARN_QUOTED_INCLUDE_IN_FRAMEWORK_HEADER = YES;
				CLANG_WARN_RANGE_LOOP_ANALYSIS = YES;
				CLANG_WARN_STRICT_PROTOTYPES = YES;
				CLANG_WARN_SUSPICIOUS_MOVE = YES;
				CLANG_WARN_UNGUARDED_AVAILABILITY = YES_AGGRESSIVE;
				CLANG_WARN_UNREACHABLE_CODE = YES;
				CLANG_WARN__DUPLICATE_METHOD_MATCH = YES;
				COPY_PHASE_STRIP = NO;
				DEBUG_INFORMATION_FORMAT = "dwarf-with-dsym";
				ENABLE_NS_ASSERTIONS = NO;
				ENABLE_STRICT_OBJC_MSGSEND = YES;
				ENABLE_USER_SCRIPT_SANDBOXING = YES;
				GCC_C_LANGUAGE_STANDARD = gnu17;
				GCC_NO_COMMON_BLOCKS = YES;
				GCC_WARN_64_TO_32_BIT_CONVERSION = YES;
				GCC_WARN_ABOUT_RETURN_TYPE = YES_ERROR;
				GCC_WARN_UNDECLARED_SELECTOR = YES;
				GCC_WARN_UNINITIALIZED_AUTOS = YES_AGGRESSIVE;
				GCC_WARN_UNUSED_FUNCTION = YES;
				GCC_WARN_UNUSED_VARIABLE = YES;
				LOCALIZATION_PREFERS_STRING_CATALOGS = YES;
				MTL_ENABLE_DEBUG_INFO = NO;
				MTL_FAST_MATH = YES;
				SWIFT_COMPILATION_MODE = wholemodule;
			};
			name = Release;
		};
		37131EF92AD8AD80007A5F0E /* Debug */ = {
			isa = XCBuildConfiguration;
			buildSettings = {
				ASSETCATALOG_COMPILER_APPICON_NAME = AppIcon;
				ASSETCATALOG_COMPILER_GLOBAL_ACCENT_COLOR_NAME = AccentColor;
				CODE_SIGN_ENTITLEMENTS = LUK7/LUK7.entitlements;
				CODE_SIGN_STYLE = Automatic;
				CURRENT_PROJECT_VERSION = 1.3;
				DEVELOPMENT_ASSET_PATHS = "\"LUK7/Preview Content\"";
				DEVELOPMENT_TEAM = T39JCQBRK9;
				ENABLE_HARDENED_RUNTIME = YES;
				ENABLE_PREVIEWS = YES;
				GENERATE_INFOPLIST_FILE = YES;
				INFOPLIST_KEY_CFBundleDisplayName = LUK7;
				INFOPLIST_KEY_LSApplicationCategoryType = "public.app-category.utilities";
				INFOPLIST_KEY_NSCameraUsageDescription = "This app needs access to the camera to scan barcodes.";
				INFOPLIST_KEY_NSFaceIDUsageDescription = "La aplicación requiere permiso para acceder a los datos biomėtricos";
				"INFOPLIST_KEY_UIApplicationSceneManifest_Generation[sdk=iphoneos*]" = YES;
				"INFOPLIST_KEY_UIApplicationSceneManifest_Generation[sdk=iphonesimulator*]" = YES;
				"INFOPLIST_KEY_UIApplicationSupportsIndirectInputEvents[sdk=iphoneos*]" = YES;
				"INFOPLIST_KEY_UIApplicationSupportsIndirectInputEvents[sdk=iphonesimulator*]" = YES;
				"INFOPLIST_KEY_UILaunchScreen_Generation[sdk=iphoneos*]" = YES;
				"INFOPLIST_KEY_UILaunchScreen_Generation[sdk=iphonesimulator*]" = YES;
				"INFOPLIST_KEY_UIStatusBarStyle[sdk=iphoneos*]" = UIStatusBarStyleDefault;
				"INFOPLIST_KEY_UIStatusBarStyle[sdk=iphonesimulator*]" = UIStatusBarStyleDefault;
				INFOPLIST_KEY_UISupportedInterfaceOrientations = UIInterfaceOrientationPortrait;
				IPHONEOS_DEPLOYMENT_TARGET = 16.0;
				LD_RUNPATH_SEARCH_PATHS = "@executable_path/Frameworks";
				"LD_RUNPATH_SEARCH_PATHS[sdk=macosx*]" = "@executable_path/../Frameworks";
				MACOSX_DEPLOYMENT_TARGET = 12.0;
				MARKETING_VERSION = 1.0;
				PRODUCT_BUNDLE_IDENTIFIER = marlon.LUK7;
				PRODUCT_NAME = "$(TARGET_NAME)";
				SDKROOT = auto;
				SUPPORTED_PLATFORMS = "iphoneos iphonesimulator";
				SUPPORTS_MACCATALYST = NO;
				SWIFT_EMIT_LOC_STRINGS = YES;
				SWIFT_VERSION = 5.0;
				TARGETED_DEVICE_FAMILY = 1;
			};
			name = Debug;
		};
		37131EFA2AD8AD80007A5F0E /* Release */ = {
			isa = XCBuildConfiguration;
			buildSettings = {
				ASSETCATALOG_COMPILER_APPICON_NAME = AppIcon;
				ASSETCATALOG_COMPILER_GLOBAL_ACCENT_COLOR_NAME = AccentColor;
				CODE_SIGN_ENTITLEMENTS = LUK7/LUK7.entitlements;
				CODE_SIGN_STYLE = Automatic;
				CURRENT_PROJECT_VERSION = 1.3;
				DEVELOPMENT_ASSET_PATHS = "\"LUK7/Preview Content\"";
				DEVELOPMENT_TEAM = T39JCQBRK9;
				ENABLE_HARDENED_RUNTIME = YES;
				ENABLE_PREVIEWS = YES;
				GENERATE_INFOPLIST_FILE = YES;
				INFOPLIST_KEY_CFBundleDisplayName = LUK7;
				INFOPLIST_KEY_LSApplicationCategoryType = "public.app-category.utilities";
				INFOPLIST_KEY_NSCameraUsageDescription = "This app needs access to the camera to scan barcodes.";
				INFOPLIST_KEY_NSFaceIDUsageDescription = "La aplicación requiere permiso para acceder a los datos biomėtricos";
				"INFOPLIST_KEY_UIApplicationSceneManifest_Generation[sdk=iphoneos*]" = YES;
				"INFOPLIST_KEY_UIApplicationSceneManifest_Generation[sdk=iphonesimulator*]" = YES;
				"INFOPLIST_KEY_UIApplicationSupportsIndirectInputEvents[sdk=iphoneos*]" = YES;
				"INFOPLIST_KEY_UIApplicationSupportsIndirectInputEvents[sdk=iphonesimulator*]" = YES;
				"INFOPLIST_KEY_UILaunchScreen_Generation[sdk=iphoneos*]" = YES;
				"INFOPLIST_KEY_UILaunchScreen_Generation[sdk=iphonesimulator*]" = YES;
				"INFOPLIST_KEY_UIStatusBarStyle[sdk=iphoneos*]" = UIStatusBarStyleDefault;
				"INFOPLIST_KEY_UIStatusBarStyle[sdk=iphonesimulator*]" = UIStatusBarStyleDefault;
				INFOPLIST_KEY_UISupportedInterfaceOrientations = UIInterfaceOrientationPortrait;
				IPHONEOS_DEPLOYMENT_TARGET = 16.0;
				LD_RUNPATH_SEARCH_PATHS = "@executable_path/Frameworks";
				"LD_RUNPATH_SEARCH_PATHS[sdk=macosx*]" = "@executable_path/../Frameworks";
				MACOSX_DEPLOYMENT_TARGET = 12.0;
				MARKETING_VERSION = 1.0;
				PRODUCT_BUNDLE_IDENTIFIER = marlon.LUK7;
				PRODUCT_NAME = "$(TARGET_NAME)";
				SDKROOT = auto;
				SUPPORTED_PLATFORMS = "iphoneos iphonesimulator";
				SUPPORTS_MACCATALYST = NO;
				SWIFT_EMIT_LOC_STRINGS = YES;
				SWIFT_VERSION = 5.0;
				TARGETED_DEVICE_FAMILY = 1;
			};
			name = Release;
		};
		37131EFC2AD8AD80007A5F0E /* Debug */ = {
			isa = XCBuildConfiguration;
			buildSettings = {
				ALWAYS_EMBED_SWIFT_STANDARD_LIBRARIES = YES;
				BUNDLE_LOADER = "$(TEST_HOST)";
				CODE_SIGN_STYLE = Automatic;
				CURRENT_PROJECT_VERSION = 1;
				DEVELOPMENT_TEAM = T39JCQBRK9;
				GENERATE_INFOPLIST_FILE = YES;
				IPHONEOS_DEPLOYMENT_TARGET = 17.0;
				MACOSX_DEPLOYMENT_TARGET = 13.6;
				MARKETING_VERSION = 1.0;
				PRODUCT_BUNDLE_IDENTIFIER = marlon.LUK7Tests;
				PRODUCT_NAME = "$(TARGET_NAME)";
				SDKROOT = auto;
				SUPPORTED_PLATFORMS = "iphoneos iphonesimulator macosx";
				SWIFT_EMIT_LOC_STRINGS = NO;
				SWIFT_VERSION = 5.0;
				TARGETED_DEVICE_FAMILY = "1,2";
				TEST_HOST = "$(BUILT_PRODUCTS_DIR)/LUK7.app/$(BUNDLE_EXECUTABLE_FOLDER_PATH)/LUK7";
			};
			name = Debug;
		};
		37131EFD2AD8AD80007A5F0E /* Release */ = {
			isa = XCBuildConfiguration;
			buildSettings = {
				ALWAYS_EMBED_SWIFT_STANDARD_LIBRARIES = YES;
				BUNDLE_LOADER = "$(TEST_HOST)";
				CODE_SIGN_STYLE = Automatic;
				CURRENT_PROJECT_VERSION = 1;
				DEVELOPMENT_TEAM = T39JCQBRK9;
				GENERATE_INFOPLIST_FILE = YES;
				IPHONEOS_DEPLOYMENT_TARGET = 17.0;
				MACOSX_DEPLOYMENT_TARGET = 13.6;
				MARKETING_VERSION = 1.0;
				PRODUCT_BUNDLE_IDENTIFIER = marlon.LUK7Tests;
				PRODUCT_NAME = "$(TARGET_NAME)";
				SDKROOT = auto;
				SUPPORTED_PLATFORMS = "iphoneos iphonesimulator macosx";
				SWIFT_EMIT_LOC_STRINGS = NO;
				SWIFT_VERSION = 5.0;
				TARGETED_DEVICE_FAMILY = "1,2";
				TEST_HOST = "$(BUILT_PRODUCTS_DIR)/LUK7.app/$(BUNDLE_EXECUTABLE_FOLDER_PATH)/LUK7";
			};
			name = Release;
		};
		37131EFF2AD8AD80007A5F0E /* Debug */ = {
			isa = XCBuildConfiguration;
			buildSettings = {
				ALWAYS_EMBED_SWIFT_STANDARD_LIBRARIES = YES;
				CODE_SIGN_STYLE = Automatic;
				CURRENT_PROJECT_VERSION = 1;
				DEVELOPMENT_TEAM = T39JCQBRK9;
				GENERATE_INFOPLIST_FILE = YES;
				IPHONEOS_DEPLOYMENT_TARGET = 17.0;
				MACOSX_DEPLOYMENT_TARGET = 13.6;
				MARKETING_VERSION = 1.0;
				PRODUCT_BUNDLE_IDENTIFIER = marlon.LUK7UITests;
				PRODUCT_NAME = "$(TARGET_NAME)";
				SDKROOT = auto;
				SUPPORTED_PLATFORMS = "iphoneos iphonesimulator macosx";
				SWIFT_EMIT_LOC_STRINGS = NO;
				SWIFT_VERSION = 5.0;
				TARGETED_DEVICE_FAMILY = "1,2";
				TEST_TARGET_NAME = LUK7;
			};
			name = Debug;
		};
		37131F002AD8AD80007A5F0E /* Release */ = {
			isa = XCBuildConfiguration;
			buildSettings = {
				ALWAYS_EMBED_SWIFT_STANDARD_LIBRARIES = YES;
				CODE_SIGN_STYLE = Automatic;
				CURRENT_PROJECT_VERSION = 1;
				DEVELOPMENT_TEAM = T39JCQBRK9;
				GENERATE_INFOPLIST_FILE = YES;
				IPHONEOS_DEPLOYMENT_TARGET = 17.0;
				MACOSX_DEPLOYMENT_TARGET = 13.6;
				MARKETING_VERSION = 1.0;
				PRODUCT_BUNDLE_IDENTIFIER = marlon.LUK7UITests;
				PRODUCT_NAME = "$(TARGET_NAME)";
				SDKROOT = auto;
				SUPPORTED_PLATFORMS = "iphoneos iphonesimulator macosx";
				SWIFT_EMIT_LOC_STRINGS = NO;
				SWIFT_VERSION = 5.0;
				TARGETED_DEVICE_FAMILY = "1,2";
				TEST_TARGET_NAME = LUK7;
			};
			name = Release;
		};
/* End XCBuildConfiguration section */

/* Begin XCConfigurationList section */
		37131EC92AD8AD7C007A5F0E /* Build configuration list for PBXProject "LUK7" */ = {
			isa = XCConfigurationList;
			buildConfigurations = (
				37131EF62AD8AD80007A5F0E /* Debug */,
				37131EF72AD8AD80007A5F0E /* Release */,
			);
			defaultConfigurationIsVisible = 0;
			defaultConfigurationName = Release;
		};
		37131EF82AD8AD80007A5F0E /* Build configuration list for PBXNativeTarget "LUK7" */ = {
			isa = XCConfigurationList;
			buildConfigurations = (
				37131EF92AD8AD80007A5F0E /* Debug */,
				37131EFA2AD8AD80007A5F0E /* Release */,
			);
			defaultConfigurationIsVisible = 0;
			defaultConfigurationName = Release;
		};
		37131EFB2AD8AD80007A5F0E /* Build configuration list for PBXNativeTarget "LUK7Tests" */ = {
			isa = XCConfigurationList;
			buildConfigurations = (
				37131EFC2AD8AD80007A5F0E /* Debug */,
				37131EFD2AD8AD80007A5F0E /* Release */,
			);
			defaultConfigurationIsVisible = 0;
			defaultConfigurationName = Release;
		};
		37131EFE2AD8AD80007A5F0E /* Build configuration list for PBXNativeTarget "LUK7UITests" */ = {
			isa = XCConfigurationList;
			buildConfigurations = (
				37131EFF2AD8AD80007A5F0E /* Debug */,
				37131F002AD8AD80007A5F0E /* Release */,
			);
			defaultConfigurationIsVisible = 0;
			defaultConfigurationName = Release;
		};
/* End XCConfigurationList section */

/* Begin XCRemoteSwiftPackageReference section */
		0E1EF0332AD8E704004A86B3 /* XCRemoteSwiftPackageReference "CodeScanner" */ = {
			isa = XCRemoteSwiftPackageReference;
			repositoryURL = "https://github.com/twostraws/CodeScanner";
			requirement = {
				kind = upToNextMajorVersion;
				minimumVersion = 2.3.3;
			};
		};
/* End XCRemoteSwiftPackageReference section */

/* Begin XCSwiftPackageProductDependency section */
		0E1EF0342AD8E704004A86B3 /* CodeScanner */ = {
			isa = XCSwiftPackageProductDependency;
			package = 0E1EF0332AD8E704004A86B3 /* XCRemoteSwiftPackageReference "CodeScanner" */;
			productName = CodeScanner;
		};
/* End XCSwiftPackageProductDependency section */

/* Begin XCVersionGroup section */
		37131ED52AD8AD7D007A5F0E /* LUK7.xcdatamodeld */ = {
			isa = XCVersionGroup;
			children = (
				37131ED62AD8AD7D007A5F0E /* LUK7.xcdatamodel */,
			);
			currentVersion = 37131ED62AD8AD7D007A5F0E /* LUK7.xcdatamodel */;
			path = LUK7.xcdatamodeld;
			sourceTree = "<group>";
			versionGroupType = wrapper.xcdatamodel;
		};
/* End XCVersionGroup section */
	};
	rootObject = 37131EC62AD8AD7C007A5F0E /* Project object */;
}
